
Microsoft Visual Studio Solution File, Format Version 12.00
# Visual Studio Version 17
VisualStudioVersion = 17.14.36327.8 d17.14
MinimumVisualStudioVersion = 10.0.40219.1
Project("{FAE04EC0-301F-11D3-BF4B-00C04F79EFBC}") = "MES.Server", "MES.Server\MES.Server.csproj", "{1C8A6169-921D-44A3-95C1-9205D8A4E7DC}"
EndProject
Global
	GlobalSection(SolutionConfigurationPlatforms) = preSolution
		Debug|Any CPU = Debug|Any CPU
		Release|Any CPU = Release|Any CPU
	EndGlobalSection
	GlobalSection(ProjectConfigurationPlatforms) = postSolution
		{1C8A6169-921D-44A3-95C1-9205D8A4E7DC}.Debug|Any CPU.ActiveCfg = Debug|Any CPU
		{1C8A6169-921D-44A3-95C1-9205D8A4E7DC}.Debug|Any CPU.Build.0 = Debug|Any CPU
		{1C8A6169-921D-44A3-95C1-9205D8A4E7DC}.Release|Any CPU.ActiveCfg = Release|Any CPU
		{1C8A6169-921D-44A3-95C1-9205D8A4E7DC}.Release|Any CPU.Build.0 = Release|Any CPU
	EndGlobalSection
	GlobalSection(SolutionProperties) = preSolution
		HideSolutionNode = FALSE
	EndGlobalSection
	GlobalSection(ExtensibilityGlobals) = postSolution
		SolutionGuid = {E5FBEEA9-A20F-46BB-A325-91D35C501EBF}
	EndGlobalSection
EndGlobal
